// !$*UTF8*$!
{
	archiveVersion = 1;
	classes = {
	};
	objectVersion = 46;
	objects = {

/* Begin PBXBuildFile section */
		DC150BA01AF58CF80080A66D /* AppDelegate.swift in Sources */ = {isa = PBXBuildFile; fileRef = DC150B9F1AF58CF80080A66D /* AppDelegate.swift */; };
		DC150BA21AF58CF80080A66D /* ViewController.swift in Sources */ = {isa = PBXBuildFile; fileRef = DC150BA11AF58CF80080A66D /* ViewController.swift */; };
		DC150BA51AF58CF80080A66D /* Main.storyboard in Resources */ = {isa = PBXBuildFile; fileRef = DC150BA31AF58CF80080A66D /* Main.storyboard */; };
		DC150BA71AF58CF80080A66D /* Images.xcassets in Resources */ = {isa = PBXBuildFile; fileRef = DC150BA61AF58CF80080A66D /* Images.xcassets */; };
		DC150BAA1AF58CF80080A66D /* LaunchScreen.xib in Resources */ = {isa = PBXBuildFile; fileRef = DC150BA81AF58CF80080A66D /* LaunchScreen.xib */; };
		DC150BB61AF58CF80080A66D /* JellyChatTests.swift in Sources */ = {isa = PBXBuildFile; fileRef = DC150BB51AF58CF80080A66D /* JellyChatTests.swift */; };
/* End PBXBuildFile section */

/* Begin PBXContainerItemProxy section */
		DC150BB01AF58CF80080A66D /* PBXContainerItemProxy */ = {
			isa = PBXContainerItemProxy;
			containerPortal = DC150B921AF58CF80080A66D /* Project object */;
			proxyType = 1;
			remoteGlobalIDString = DC150B991AF58CF80080A66D;
			remoteInfo = JellyChat;
		};
/* End PBXContainerItemProxy section */

/* Begin PBXFileReference section */
		DC150B9A1AF58CF80080A66D /* JellyChat.app */ = {isa = PBXFileReference; explicitFileType = wrapper.application; includeInIndex = 0; path = JellyChat.app; sourceTree = BUILT_PRODUCTS_DIR; };
		DC150B9E1AF58CF80080A66D /* Info.plist */ = {isa = PBXFileReference; lastKnownFileType = text.plist.xml; path = Info.plist; sourceTree = "<group>"; };
		DC150B9F1AF58CF80080A66D /* AppDelegate.swift */ = {isa = PBXFileReference; lastKnownFileType = sourcecode.swift; path = AppDelegate.swift; sourceTree = "<group>"; };
		DC150BA11AF58CF80080A66D /* ViewController.swift */ = {isa = PBXFileReference; lastKnownFileType = sourcecode.swift; path = ViewController.swift; sourceTree = "<group>"; };
		DC150BA41AF58CF80080A66D /* Base */ = {isa = PBXFileReference; lastKnownFileType = file.storyboard; name = Base; path = Base.lproj/Main.storyboard; sourceTree = "<group>"; };
		DC150BA61AF58CF80080A66D /* Images.xcassets */ = {isa = PBXFileReference; lastKnownFileType = folder.assetcatalog; path = Images.xcassets; sourceTree = "<group>"; };
		DC150BA91AF58CF80080A66D /* Base */ = {isa = PBXFileReference; lastKnownFileType = file.xib; name = Base; path = Base.lproj/LaunchScreen.xib; sourceTree = "<group>"; };
		DC150BAF1AF58CF80080A66D /* JellyChatTests.xctest */ = {isa = PBXFileReference; explicitFileType = wrapper.cfbundle; includeInIndex = 0; path = JellyChatTests.xctest; sourceTree = BUILT_PRODUCTS_DIR; };
		DC150BB41AF58CF80080A66D /* Info.plist */ = {isa = PBXFileReference; lastKnownFileType = text.plist.xml; path = Info.plist; sourceTree = "<group>"; };
		DC150BB51AF58CF80080A66D /* JellyChatTests.swift */ = {isa = PBXFileReference; lastKnownFileType = sourcecode.swift; path = JellyChatTests.swift; sourceTree = "<group>"; };
/* End PBXFileReference section */

/* Begin PBXFrameworksBuildPhase section */
		DC150B971AF58CF80080A66D /* Frameworks */ = {
			isa = PBXFrameworksBuildPhase;
			buildActionMask = 2147483647;
			files = (
			);
			runOnlyForDeploymentPostprocessing = 0;
		};
		DC150BAC1AF58CF80080A66D /* Frameworks */ = {
			isa = PBXFrameworksBuildPhase;
			buildActionMask = 2147483647;
			files = (
			);
			runOnlyForDeploymentPostprocessing = 0;
		};
/* End PBXFrameworksBuildPhase section */

/* Begin PBXGroup section */
		DC150B911AF58CF80080A66D = {
			isa = PBXGroup;
			children = (
				DC150B9C1AF58CF80080A66D /* JellyChat */,
				DC150BB21AF58CF80080A66D /* JellyChatTests */,
				DC150B9B1AF58CF80080A66D /* Products */,
			);
			sourceTree = "<group>";
		};
		DC150B9B1AF58CF80080A66D /* Products */ = {
			isa = PBXGroup;
			children = (
				DC150B9A1AF58CF80080A66D /* JellyChat.app */,
				DC150BAF1AF58CF80080A66D /* JellyChatTests.xctest */,
			);
			name = Products;
			sourceTree = "<group>";
		};
		DC150B9C1AF58CF80080A66D /* JellyChat */ = {
			isa = PBXGroup;
			children = (
				DC150B9F1AF58CF80080A66D /* AppDelegate.swift */,
				DC150BA11AF58CF80080A66D /* ViewController.swift */,
				DC150BA31AF58CF80080A66D /* Main.storyboard */,
				DC150BA61AF58CF80080A66D /* Images.xcassets */,
				DC150BA81AF58CF80080A66D /* LaunchScreen.xib */,
				DC150B9D1AF58CF80080A66D /* Supporting Files */,
			);
			path = JellyChat;
			sourceTree = "<group>";
		};
		DC150B9D1AF58CF80080A66D /* Supporting Files */ = {
			isa = PBXGroup;
			children = (
				DC150B9E1AF58CF80080A66D /* Info.plist */,
			);
			name = "Supporting Files";
			sourceTree = "<group>";
		};
		DC150BB21AF58CF80080A66D /* JellyChatTests */ = {
			isa = PBXGroup;
			children = (
				DC150BB51AF58CF80080A66D /* JellyChatTests.swift */,
				DC150BB31AF58CF80080A66D /* Supporting Files */,
			);
			path = JellyChatTests;
			sourceTree = "<group>";
		};
		DC150BB31AF58CF80080A66D /* Supporting Files */ = {
			isa = PBXGroup;
			children = (
				DC150BB41AF58CF80080A66D /* Info.plist */,
			);
			name = "Supporting Files";
			sourceTree = "<group>";
		};
/* End PBXGroup section */

/* Begin PBXNativeTarget section */
		DC150B991AF58CF80080A66D /* JellyChat */ = {
			isa = PBXNativeTarget;
			buildConfigurationList = DC150BB91AF58CF80080A66D /* Build configuration list for PBXNativeTarget "JellyChat" */;
			buildPhases = (
				DC150B961AF58CF80080A66D /* Sources */,
				DC150B971AF58CF80080A66D /* Frameworks */,
				DC150B981AF58CF80080A66D /* Resources */,
			);
			buildRules = (
			);
			dependencies = (
			);
			name = JellyChat;
			productName = JellyChat;
			productReference = DC150B9A1AF58CF80080A66D /* JellyChat.app */;
			productType = "com.apple.product-type.application";
		};
		DC150BAE1AF58CF80080A66D /* JellyChatTests */ = {
			isa = PBXNativeTarget;
			buildConfigurationList = DC150BBC1AF58CF80080A66D /* Build configuration list for PBXNativeTarget "JellyChatTests" */;
			buildPhases = (
				DC150BAB1AF58CF80080A66D /* Sources */,
				DC150BAC1AF58CF80080A66D /* Frameworks */,
				DC150BAD1AF58CF80080A66D /* Resources */,
			);
			buildRules = (
			);
			dependencies = (
				DC150BB11AF58CF80080A66D /* PBXTargetDependency */,
			);
			name = JellyChatTests;
			productName = JellyChatTests;
			productReference = DC150BAF1AF58CF80080A66D /* JellyChatTests.xctest */;
			productType = "com.apple.product-type.bundle.unit-test";
		};
/* End PBXNativeTarget section */

/* Begin PBXProject section */
		DC150B921AF58CF80080A66D /* Project object */ = {
			isa = PBXProject;
			attributes = {
				LastUpgradeCheck = 0630;
				ORGANIZATIONNAME = "Arjun Sethi";
				TargetAttributes = {
					DC150B991AF58CF80080A66D = {
						CreatedOnToolsVersion = 6.3.1;
					};
					DC150BAE1AF58CF80080A66D = {
						CreatedOnToolsVersion = 6.3.1;
						TestTargetID = DC150B991AF58CF80080A66D;
					};
				};
			};
			buildConfigurationList = DC150B951AF58CF80080A66D /* Build configuration list for PBXProject "JellyChat" */;
			compatibilityVersion = "Xcode 3.2";
			developmentRegion = English;
			hasScannedForEncodings = 0;
			knownRegions = (
				en,
				Base,
			);
			mainGroup = DC150B911AF58CF80080A66D;
			productRefGroup = DC150B9B1AF58CF80080A66D /* Products */;
			projectDirPath = "";
			projectRoot = "";
			targets = (
				DC150B991AF58CF80080A66D /* JellyChat */,
				DC150BAE1AF58CF80080A66D /* JellyChatTests */,
			);
		};
/* End PBXProject section */

/* Begin PBXResourcesBuildPhase section */
		DC150B981AF58CF80080A66D /* Resources */ = {
			isa = PBXResourcesBuildPhase;
			buildActionMask = 2147483647;
			files = (
				DC150BA51AF58CF80080A66D /* Main.storyboard in Resources */,
				DC150BAA1AF58CF80080A66D /* LaunchScreen.xib in Resources */,
				DC150BA71AF58CF80080A66D /* Images.xcassets in Resources */,
			);
			runOnlyForDeploymentPostprocessing = 0;
		};
		DC150BAD1AF58CF80080A66D /* Resources */ = {
			isa = PBXResourcesBuildPhase;
			buildActionMask = 2147483647;
			files = (
			);
			runOnlyForDeploymentPostprocessing = 0;
		};
/* End PBXResourcesBuildPhase section */

/* Begin PBXSourcesBuildPhase section */
		DC150B961AF58CF80080A66D /* Sources */ = {
			isa = PBXSourcesBuildPhase;
			buildActionMask = 2147483647;
			files = (
				DC150BA21AF58CF80080A66D /* ViewController.swift in Sources */,
				DC150BA01AF58CF80080A66D /* AppDelegate.swift in Sources */,
			);
			runOnlyForDeploymentPostprocessing = 0;
		};
		DC150BAB1AF58CF80080A66D /* Sources */ = {
			isa = PBXSourcesBuildPhase;
			buildActionMask = 2147483647;
			files = (
				DC150BB61AF58CF80080A66D /* JellyChatTests.swift in Sources */,
			);
			runOnlyForDeploymentPostprocessing = 0;
		};
/* End PBXSourcesBuildPhase section */

/* Begin PBXTargetDependency section */
		DC150BB11AF58CF80080A66D /* PBXTargetDependency */ = {
			isa = PBXTargetDependency;
			target = DC150B991AF58CF80080A66D /* JellyChat */;
			targetProxy = DC150BB01AF58CF80080A66D /* PBXContainerItemProxy */;
		};
/* End PBXTargetDependency section */

/* Begin PBXVariantGroup section */
		DC150BA31AF58CF80080A66D /* Main.storyboard */ = {
			isa = PBXVariantGroup;
			children = (
				DC150BA41AF58CF80080A66D /* Base */,
			);
			name = Main.storyboard;
			sourceTree = "<group>";
		};
		DC150BA81AF58CF80080A66D /* LaunchScreen.xib */ = {
			isa = PBXVariantGroup;
			children = (
				DC150BA91AF58CF80080A66D /* Base */,
			);
			name = LaunchScreen.xib;
			sourceTree = "<group>";
		};
/* End PBXVariantGroup section */

/* Begin XCBuildConfiguration section */
		DC150BB71AF58CF80080A66D /* Debug */ = {
			isa = XCBuildConfiguration;
			buildSettings = {
				ALWAYS_SEARCH_USER_PATHS = NO;
				CLANG_CXX_LANGUAGE_STANDARD = "gnu++0x";
				CLANG_CXX_LIBRARY = "libc++";
				CLANG_ENABLE_MODULES = YES;
				CLANG_ENABLE_OBJC_ARC = YES;
				CLANG_WARN_BOOL_CONVERSION = YES;
				CLANG_WARN_CONSTANT_CONVERSION = YES;
				CLANG_WARN_DIRECT_OBJC_ISA_USAGE = YES_ERROR;
				CLANG_WARN_EMPTY_BODY = YES;
				CLANG_WARN_ENUM_CONVERSION = YES;
				CLANG_WARN_INT_CONVERSION = YES;
				CLANG_WARN_OBJC_ROOT_CLASS = YES_ERROR;
				CLANG_WARN_UNREACHABLE_CODE = YES;
				CLANG_WARN__DUPLICATE_METHOD_MATCH = YES;
				"CODE_SIGN_IDENTITY[sdk=iphoneos*]" = "iPhone Developer";
				COPY_PHASE_STRIP = NO;
				DEBUG_INFORMATION_FORMAT = "dwarf-with-dsym";
				ENABLE_STRICT_OBJC_MSGSEND = YES;
				GCC_C_LANGUAGE_STANDARD = gnu99;
				GCC_DYNAMIC_NO_PIC = NO;
				GCC_NO_COMMON_BLOCKS = YES;
				GCC_OPTIMIZATION_LEVEL = 0;
				GCC_PREPROCESSOR_DEFINITIONS = (
					"DEBUG=1",
					"$(inherited)",
				);
				GCC_SYMBOLS_PRIVATE_EXTERN = NO;
				GCC_WARN_64_TO_32_BIT_CONVERSION = YES;
				GCC_WARN_ABOUT_RETURN_TYPE = YES_ERROR;
				GCC_WARN_UNDECLARED_SELECTOR = YES;
				GCC_WARN_UNINITIALIZED_AUTOS = YES_AGGRESSIVE;
				GCC_WARN_UNUSED_FUNCTION = YES;
				GCC_WARN_UNUSED_VARIABLE = YES;
				IPHONEOS_DEPLOYMENT_TARGET = 8.3;
				MTL_ENABLE_DEBUG_INFO = YES;
				ONLY_ACTIVE_ARCH = YES;
				SDKROOT = iphoneos;
				SWIFT_OPTIMIZATION_LEVEL = "-Onone";
			};
			name = Debug;
		};
		DC150BB81AF58CF80080A66D /* Release */ = {
			isa = XCBuildConfiguration;
			buildSettings = {
				ALWAYS_SEARCH_USER_PATHS = NO;
				CLANG_CXX_LANGUAGE_STANDARD = "gnu++0x";
				CLANG_CXX_LIBRARY = "libc++";
				CLANG_ENABLE_MODULES = YES;
				CLANG_ENABLE_OBJC_ARC = YES;
				CLANG_WARN_BOOL_CONVERSION = YES;
				CLANG_WARN_CONSTANT_CONVERSION = YES;
				CLANG_WARN_DIRECT_OBJC_ISA_USAGE = YES_ERROR;
				CLANG_WARN_EMPTY_BODY = YES;
				CLANG_WARN_ENUM_CONVERSION = YES;
				CLANG_WARN_INT_CONVERSION = YES;
				CLANG_WARN_OBJC_ROOT_CLASS = YES_ERROR;
				CLANG_WARN_UNREACHABLE_CODE = YES;
				CLANG_WARN__DUPLICATE_METHOD_MATCH = YES;
				"CODE_SIGN_IDENTITY[sdk=iphoneos*]" = "iPhone Developer";
				COPY_PHASE_STRIP = NO;
				DEBUG_INFORMATION_FORMAT = "dwarf-with-dsym";
				ENABLE_NS_ASSERTIONS = NO;
				ENABLE_STRICT_OBJC_MSGSEND = YES;
				GCC_C_LANGUAGE_STANDARD = gnu99;
				GCC_NO_COMMON_BLOCKS = YES;
				GCC_WARN_64_TO_32_BIT_CONVERSION = YES;
				GCC_WARN_ABOUT_RETURN_TYPE = YES_ERROR;
				GCC_WARN_UNDECLARED_SELECTOR = YES;
				GCC_WARN_UNINITIALIZED_AUTOS = YES_AGGRESSIVE;
				GCC_WARN_UNUSED_FUNCTION = YES;
				GCC_WARN_UNUSED_VARIABLE = YES;
				IPHONEOS_DEPLOYMENT_TARGET = 8.3;
				MTL_ENABLE_DEBUG_INFO = NO;
				SDKROOT = iphoneos;
				VALIDATE_PRODUCT = YES;
			};
			name = Release;
		};
		DC150BBA1AF58CF80080A66D /* Debug */ = {
			isa = XCBuildConfiguration;
			buildSettings = {
				ASSETCATALOG_COMPILER_APPICON_NAME = AppIcon;
				INFOPLIST_FILE = JellyChat/Info.plist;
				LD_RUNPATH_SEARCH_PATHS = "$(inherited) @executable_path/Frameworks";
				PRODUCT_NAME = "$(TARGET_NAME)";
			};
			name = Debug;
		};
		DC150BBB1AF58CF80080A66D /* Release */ = {
			isa = XCBuildConfiguration;
			buildSettings = {
				ASSETCATALOG_COMPILER_APPICON_NAME = AppIcon;
				INFOPLIST_FILE = JellyChat/Info.plist;
				LD_RUNPATH_SEARCH_PATHS = "$(inherited) @executable_path/Frameworks";
				PRODUCT_NAME = "$(TARGET_NAME)";
			};
			name = Release;
		};
		DC150BBD1AF58CF80080A66D /* Debug */ = {
			isa = XCBuildConfiguration;
			buildSettings = {
				BUNDLE_LOADER = "$(TEST_HOST)";
				FRAMEWORK_SEARCH_PATHS = (
					"$(SDKROOT)/Developer/Library/Frameworks",
					"$(inherited)",
				);
				GCC_PREPROCESSOR_DEFINITIONS = (
					"DEBUG=1",
					"$(inherited)",
				);
				INFOPLIST_FILE = JellyChatTests/Info.plist;
				LD_RUNPATH_SEARCH_PATHS = "$(inherited) @executable_path/Frameworks @loader_path/Frameworks";
				PRODUCT_NAME = "$(TARGET_NAME)";
				TEST_HOST = "$(BUILT_PRODUCTS_DIR)/JellyChat.app/JellyChat";
			};
			name = Debug;
		};
		DC150BBE1AF58CF80080A66D /* Release */ = {
			isa = XCBuildConfiguration;
			buildSettings = {
				BUNDLE_LOADER = "$(TEST_HOST)";
				FRAMEWORK_SEARCH_PATHS = (
					"$(SDKROOT)/Developer/Library/Frameworks",
					"$(inherited)",
				);
				INFOPLIST_FILE = JellyChatTests/Info.plist;
				LD_RUNPATH_SEARCH_PATHS = "$(inherited) @executable_path/Frameworks @loader_path/Frameworks";
				PRODUCT_NAME = "$(TARGET_NAME)";
				TEST_HOST = "$(BUILT_PRODUCTS_DIR)/JellyChat.app/JellyChat";
			};
			name = Release;
		};
/* End XCBuildConfiguration section */

/* Begin XCConfigurationList section */
		DC150B951AF58CF80080A66D /* Build configuration list for PBXProject "JellyChat" */ = {
			isa = XCConfigurationList;
			buildConfigurations = (
				DC150BB71AF58CF80080A66D /* Debug */,
				DC150BB81AF58CF80080A66D /* Release */,
			);
			defaultConfigurationIsVisible = 0;
			defaultConfigurationName = Release;
		};
		DC150BB91AF58CF80080A66D /* Build configuration list for PBXNativeTarget "JellyChat" */ = {
			isa = XCConfigurationList;
			buildConfigurations = (
				DC150BBA1AF58CF80080A66D /* Debug */,
				DC150BBB1AF58CF80080A66D /* Release */,
			);
			defaultConfigurationIsVisible = 0;
		};
		DC150BBC1AF58CF80080A66D /* Build configuration list for PBXNativeTarget "JellyChatTests" */ = {
			isa = XCConfigurationList;
			buildConfigurations = (
				DC150BBD1AF58CF80080A66D /* Debug */,
				DC150BBE1AF58CF80080A66D /* Release */,
			);
			defaultConfigurationIsVisible = 0;
		};
/* End XCConfigurationList section */
	};
	rootObject = DC150B921AF58CF80080A66D /* Project object */;
}
